
Microsoft Visual Studio Solution File, Format Version 12.00
# Visual Studio Version 16
VisualStudioVersion = 16.0.31515.178
MinimumVisualStudioVersion = 10.0.40219.1
Project("{8BC9CEB8-8B4A-11D0-8D11-00A0C91BC942}") = "SmartPointer", "SmartPointer\SmartPointer.vcxproj", "{B6163F04-6CBD-4996-BB52-208453C7EE08}"
EndProject
Global
	GlobalSection(SolutionConfigurationPlatforms) = preSolution
		Debug|x64 = Debug|x64
		Debug|x86 = Debug|x86
		Release|x64 = Release|x64
		Release|x86 = Release|x86
	EndGlobalSection
	GlobalSection(ProjectConfigurationPlatforms) = postSolution
		{B6163F04-6CBD-4996-BB52-208453C7EE08}.Debug|x64.ActiveCfg = Debug|x64
		{B6163F04-6CBD-4996-BB52-208453C7EE08}.Debug|x64.Build.0 = Debug|x64
		{B6163F04-6CBD-4996-BB52-208453C7EE08}.Debug|x86.ActiveCfg = Debug|Win32
		{B6163F04-6CBD-4996-BB52-208453C7EE08}.Debug|x86.Build.0 = Debug|Win32
		{B6163F04-6CBD-4996-BB52-208453C7EE08}.Release|x64.ActiveCfg = Release|x64
		{B6163F04-6CBD-4996-BB52-208453C7EE08}.Release|x64.Build.0 = Release|x64
		{B6163F04-6CBD-4996-BB52-208453C7EE08}.Release|x86.ActiveCfg = Release|Win32
		{B6163F04-6CBD-4996-BB52-208453C7EE08}.Release|x86.Build.0 = Release|Win32
	EndGlobalSection
	GlobalSection(SolutionProperties) = preSolution
		HideSolutionNode = FALSE
	EndGlobalSection
	GlobalSection(ExtensibilityGlobals) = postSolution
		SolutionGuid = {6BB64DCF-F418-4F4F-A538-FC3949D1D7B6}
	EndGlobalSection
EndGlobal
